
Microsoft Visual Studio Solution File, Format Version 12.00
# Visual Studio Version 17
VisualStudioVersion = 17.0.31903.59
MinimumVisualStudioVersion = 10.0.40219.1
Project("{9A19103F-16F7-4668-BE54-9A1E7A4F7556}") = "Cabazure.Client.Runtime", "src\Cabazure.Client.Runtime\Cabazure.Client.Runtime.csproj", "{1B6861F5-7321-4D51-A924-7CDCF31E5A72}"
EndProject
Project("{9A19103F-16F7-4668-BE54-9A1E7A4F7556}") = "Cabazure.Client", "src\Cabazure.Client\Cabazure.Client.csproj", "{7FF34A7A-FAF1-4F35-A5C1-0D6186E65010}"
EndProject
Project("{9A19103F-16F7-4668-BE54-9A1E7A4F7556}") = "Cabazure.Client.Tests", "test\Cabazure.Client.Tests\Cabazure.Client.Tests.csproj", "{CED809C0-4423-4B2D-BAF8-0C942B52761B}"
EndProject
Project("{9A19103F-16F7-4668-BE54-9A1E7A4F7556}") = "Cabazure.Client.Runtime.Tests", "test\Cabazure.Client.Runtime.Tests\Cabazure.Client.Runtime.Tests.csproj", "{91529749-D468-43A2-8713-9428234FADFF}"
EndProject
Project("{9A19103F-16F7-4668-BE54-9A1E7A4F7556}") = "Cabazure.Client.IntegrationTests", "test\Cabazure.Client.IntegrationTests\Cabazure.Client.IntegrationTests.csproj", "{A5A1DEAD-A6F6-47B5-B6A8-9ED08B5A0FD0}"
EndProject
Project("{2150E333-8FDC-42A3-9474-1A3956D46DE8}") = "src", "src", "{9FD398E9-51D6-4C0E-AD0A-D85A4B9D014F}"
EndProject
Project("{2150E333-8FDC-42A3-9474-1A3956D46DE8}") = "test", "test", "{115ACFA6-5271-4A7B-844D-FFEA0A4F6BB7}"
EndProject
Project("{9A19103F-16F7-4668-BE54-9A1E7A4F7556}") = "Microsoft.Graph.Client", "samples\Microsoft.Graph\Microsoft.Graph.Client\Microsoft.Graph.Client.csproj", "{9D7D550E-15AA-4F2D-869D-53450E345FE7}"
EndProject
Project("{2150E333-8FDC-42A3-9474-1A3956D46DE8}") = "samples", "samples", "{3932F1A3-4272-4E08-83F6-E1EB7DCED0FC}"
EndProject
Project("{2150E333-8FDC-42A3-9474-1A3956D46DE8}") = "Microsoft.Graph", "Microsoft.Graph", "{3DF0DD77-F029-418F-96B9-5E977F11E8C2}"
EndProject
Project("{9A19103F-16F7-4668-BE54-9A1E7A4F7556}") = "Microsoft.Graph.TestApp", "samples\Microsoft.Graph\Microsoft.Graph.TestApp\Microsoft.Graph.TestApp.csproj", "{84D328C1-9835-4CDC-865F-8A1FD1D65489}"
EndProject
Project("{9A19103F-16F7-4668-BE54-9A1E7A4F7556}") = "Microsoft.Graph.Contracts", "samples\Microsoft.Graph\Microsoft.Graph.Contracts\Microsoft.Graph.Contracts.csproj", "{733A2A34-8B64-4A54-B996-EB84F07FE989}"
EndProject
Project("{2150E333-8FDC-42A3-9474-1A3956D46DE8}") = "AzureRest", "AzureRest", "{D2D03799-0BB4-45C1-9D35-60F364C154EE}"
EndProject
Project("{FAE04EC0-301F-11D3-BF4B-00C04F79EFBC}") = "AzureRest.Client", "samples\AzureRest\AzureRest.Client\AzureRest.Client.csproj", "{469837C7-D9B8-4867-A1CD-747DBA16213B}"
EndProject
Project("{FAE04EC0-301F-11D3-BF4B-00C04F79EFBC}") = "AzureRest.Contracts", "samples\AzureRest\AzureRest.Contracts\AzureRest.Contracts.csproj", "{C19CB361-795D-49FF-8821-E4C739EE5020}"
EndProject
Project("{FAE04EC0-301F-11D3-BF4B-00C04F79EFBC}") = "AzureRest.TestApp", "samples\AzureRest\AzureRest.TestApp\AzureRest.TestApp.csproj", "{CF5F841E-FC86-441D-8075-49EA5F280AB8}"
EndProject
Global
	GlobalSection(SolutionConfigurationPlatforms) = preSolution
		Debug|Any CPU = Debug|Any CPU
		Release|Any CPU = Release|Any CPU
	EndGlobalSection
	GlobalSection(ProjectConfigurationPlatforms) = postSolution
		{1B6861F5-7321-4D51-A924-7CDCF31E5A72}.Debug|Any CPU.ActiveCfg = Debug|Any CPU
		{1B6861F5-7321-4D51-A924-7CDCF31E5A72}.Debug|Any CPU.Build.0 = Debug|Any CPU
		{1B6861F5-7321-4D51-A924-7CDCF31E5A72}.Release|Any CPU.ActiveCfg = Release|Any CPU
		{1B6861F5-7321-4D51-A924-7CDCF31E5A72}.Release|Any CPU.Build.0 = Release|Any CPU
		{7FF34A7A-FAF1-4F35-A5C1-0D6186E65010}.Debug|Any CPU.ActiveCfg = Debug|Any CPU
		{7FF34A7A-FAF1-4F35-A5C1-0D6186E65010}.Debug|Any CPU.Build.0 = Debug|Any CPU
		{7FF34A7A-FAF1-4F35-A5C1-0D6186E65010}.Release|Any CPU.ActiveCfg = Release|Any CPU
		{7FF34A7A-FAF1-4F35-A5C1-0D6186E65010}.Release|Any CPU.Build.0 = Release|Any CPU
		{CED809C0-4423-4B2D-BAF8-0C942B52761B}.Debug|Any CPU.ActiveCfg = Debug|Any CPU
		{CED809C0-4423-4B2D-BAF8-0C942B52761B}.Debug|Any CPU.Build.0 = Debug|Any CPU
		{CED809C0-4423-4B2D-BAF8-0C942B52761B}.Release|Any CPU.ActiveCfg = Release|Any CPU
		{CED809C0-4423-4B2D-BAF8-0C942B52761B}.Release|Any CPU.Build.0 = Release|Any CPU
		{91529749-D468-43A2-8713-9428234FADFF}.Debug|Any CPU.ActiveCfg = Debug|Any CPU
		{91529749-D468-43A2-8713-9428234FADFF}.Debug|Any CPU.Build.0 = Debug|Any CPU
		{91529749-D468-43A2-8713-9428234FADFF}.Release|Any CPU.ActiveCfg = Release|Any CPU
		{91529749-D468-43A2-8713-9428234FADFF}.Release|Any CPU.Build.0 = Release|Any CPU
		{A5A1DEAD-A6F6-47B5-B6A8-9ED08B5A0FD0}.Debug|Any CPU.ActiveCfg = Debug|Any CPU
		{A5A1DEAD-A6F6-47B5-B6A8-9ED08B5A0FD0}.Debug|Any CPU.Build.0 = Debug|Any CPU
		{A5A1DEAD-A6F6-47B5-B6A8-9ED08B5A0FD0}.Release|Any CPU.ActiveCfg = Release|Any CPU
		{A5A1DEAD-A6F6-47B5-B6A8-9ED08B5A0FD0}.Release|Any CPU.Build.0 = Release|Any CPU
		{9D7D550E-15AA-4F2D-869D-53450E345FE7}.Debug|Any CPU.ActiveCfg = Debug|Any CPU
		{9D7D550E-15AA-4F2D-869D-53450E345FE7}.Debug|Any CPU.Build.0 = Debug|Any CPU
		{9D7D550E-15AA-4F2D-869D-53450E345FE7}.Release|Any CPU.ActiveCfg = Release|Any CPU
		{9D7D550E-15AA-4F2D-869D-53450E345FE7}.Release|Any CPU.Build.0 = Release|Any CPU
		{84D328C1-9835-4CDC-865F-8A1FD1D65489}.Debug|Any CPU.ActiveCfg = Debug|Any CPU
		{84D328C1-9835-4CDC-865F-8A1FD1D65489}.Debug|Any CPU.Build.0 = Debug|Any CPU
		{84D328C1-9835-4CDC-865F-8A1FD1D65489}.Release|Any CPU.ActiveCfg = Release|Any CPU
		{84D328C1-9835-4CDC-865F-8A1FD1D65489}.Release|Any CPU.Build.0 = Release|Any CPU
		{733A2A34-8B64-4A54-B996-EB84F07FE989}.Debug|Any CPU.ActiveCfg = Debug|Any CPU
		{733A2A34-8B64-4A54-B996-EB84F07FE989}.Debug|Any CPU.Build.0 = Debug|Any CPU
		{733A2A34-8B64-4A54-B996-EB84F07FE989}.Release|Any CPU.ActiveCfg = Release|Any CPU
		{733A2A34-8B64-4A54-B996-EB84F07FE989}.Release|Any CPU.Build.0 = Release|Any CPU
		{469837C7-D9B8-4867-A1CD-747DBA16213B}.Debug|Any CPU.ActiveCfg = Debug|Any CPU
		{469837C7-D9B8-4867-A1CD-747DBA16213B}.Debug|Any CPU.Build.0 = Debug|Any CPU
		{469837C7-D9B8-4867-A1CD-747DBA16213B}.Release|Any CPU.ActiveCfg = Release|Any CPU
		{469837C7-D9B8-4867-A1CD-747DBA16213B}.Release|Any CPU.Build.0 = Release|Any CPU
		{C19CB361-795D-49FF-8821-E4C739EE5020}.Debug|Any CPU.ActiveCfg = Debug|Any CPU
		{C19CB361-795D-49FF-8821-E4C739EE5020}.Debug|Any CPU.Build.0 = Debug|Any CPU
		{C19CB361-795D-49FF-8821-E4C739EE5020}.Release|Any CPU.ActiveCfg = Release|Any CPU
		{C19CB361-795D-49FF-8821-E4C739EE5020}.Release|Any CPU.Build.0 = Release|Any CPU
		{CF5F841E-FC86-441D-8075-49EA5F280AB8}.Debug|Any CPU.ActiveCfg = Debug|Any CPU
		{CF5F841E-FC86-441D-8075-49EA5F280AB8}.Debug|Any CPU.Build.0 = Debug|Any CPU
		{CF5F841E-FC86-441D-8075-49EA5F280AB8}.Release|Any CPU.ActiveCfg = Release|Any CPU
		{CF5F841E-FC86-441D-8075-49EA5F280AB8}.Release|Any CPU.Build.0 = Release|Any CPU
	EndGlobalSection
	GlobalSection(SolutionProperties) = preSolution
		HideSolutionNode = FALSE
	EndGlobalSection
	GlobalSection(NestedProjects) = preSolution
		{1B6861F5-7321-4D51-A924-7CDCF31E5A72} = {9FD398E9-51D6-4C0E-AD0A-D85A4B9D014F}
		{7FF34A7A-FAF1-4F35-A5C1-0D6186E65010} = {9FD398E9-51D6-4C0E-AD0A-D85A4B9D014F}
		{CED809C0-4423-4B2D-BAF8-0C942B52761B} = {115ACFA6-5271-4A7B-844D-FFEA0A4F6BB7}
		{91529749-D468-43A2-8713-9428234FADFF} = {115ACFA6-5271-4A7B-844D-FFEA0A4F6BB7}
		{A5A1DEAD-A6F6-47B5-B6A8-9ED08B5A0FD0} = {115ACFA6-5271-4A7B-844D-FFEA0A4F6BB7}
		{9D7D550E-15AA-4F2D-869D-53450E345FE7} = {3DF0DD77-F029-418F-96B9-5E977F11E8C2}
		{3DF0DD77-F029-418F-96B9-5E977F11E8C2} = {3932F1A3-4272-4E08-83F6-E1EB7DCED0FC}
		{84D328C1-9835-4CDC-865F-8A1FD1D65489} = {3DF0DD77-F029-418F-96B9-5E977F11E8C2}
		{733A2A34-8B64-4A54-B996-EB84F07FE989} = {3DF0DD77-F029-418F-96B9-5E977F11E8C2}
		{D2D03799-0BB4-45C1-9D35-60F364C154EE} = {3932F1A3-4272-4E08-83F6-E1EB7DCED0FC}
		{469837C7-D9B8-4867-A1CD-747DBA16213B} = {D2D03799-0BB4-45C1-9D35-60F364C154EE}
		{C19CB361-795D-49FF-8821-E4C739EE5020} = {D2D03799-0BB4-45C1-9D35-60F364C154EE}
		{CF5F841E-FC86-441D-8075-49EA5F280AB8} = {D2D03799-0BB4-45C1-9D35-60F364C154EE}
	EndGlobalSection
	GlobalSection(ExtensibilityGlobals) = postSolution
		SolutionGuid = {3DD1DF42-FFAB-4F35-B264-B128D2778D40}
	EndGlobalSection
EndGlobal
